
Microsoft Visual Studio Solution File, Format Version 12.00
# Visual Studio Version 17
VisualStudioVersion = 17.4.33213.308
MinimumVisualStudioVersion = 10.0.40219.1
Project("{FAE04EC0-301F-11D3-BF4B-00C04F79EFBC}") = "LinqQuery", "LinqQuery\LinqQuery.csproj", "{83F8E2DD-5B72-48FF-A36F-5491A32BDD8B}"
EndProject
Global
	GlobalSection(SolutionConfigurationPlatforms) = preSolution
		Debug|Any CPU = Debug|Any CPU
		Release|Any CPU = Release|Any CPU
	EndGlobalSection
	GlobalSection(ProjectConfigurationPlatforms) = postSolution
		{83F8E2DD-5B72-48FF-A36F-5491A32BDD8B}.Debug|Any CPU.ActiveCfg = Debug|Any CPU
		{83F8E2DD-5B72-48FF-A36F-5491A32BDD8B}.Debug|Any CPU.Build.0 = Debug|Any CPU
		{83F8E2DD-5B72-48FF-A36F-5491A32BDD8B}.Release|Any CPU.ActiveCfg = Release|Any CPU
		{83F8E2DD-5B72-48FF-A36F-5491A32BDD8B}.Release|Any CPU.Build.0 = Release|Any CPU
	EndGlobalSection
	GlobalSection(SolutionProperties) = preSolution
		HideSolutionNode = FALSE
	EndGlobalSection
	GlobalSection(ExtensibilityGlobals) = postSolution
		SolutionGuid = {B9B1E48C-5504-431A-90BF-901F1A2F2B2A}
	EndGlobalSection
EndGlobal
